<?xml version="1.0" encoding="UTF-8" standalone="yes" ?>
<CodeBlocks_project_file>
	<FileVersion major="1" minor="6" />
	<Project>
		<Option title="proiect2" />
		<Option pch_mode="2" />
		<Option compiler="gcc" />
		<Build>
			<Target title="Debug">
				<Option output="bin/Debug/proiect2" prefix_auto="1" extension_auto="1" />
				<Option object_output="obj/Debug/" />
				<Option type="1" />
				<Option compiler="gcc" />
				<Compiler>
					<Add option="-g" />
				</Compiler>
			</Target>
			<Target title="Release">
				<Option output="bin/Release/proiect2" prefix_auto="1" extension_auto="1" />
				<Option object_output="obj/Release/" />
				<Option type="1" />
				<Option compiler="gcc" />
				<Compiler>
					<Add option="-O2" />
				</Compiler>
				<Linker>
					<Add option="-s" />
				</Linker>
			</Target>
		</Build>
		<Compiler>
			<Add option="-Wall" />
			<Add option="-fexceptions" />
		</Compiler>
		<Unit filename="Angajat.cpp" />
		<Unit filename="Angajat.h" />
		<Unit filename="Client.cpp" />
		<Unit filename="Client.h" />
		<Unit filename="Coafor.cpp" />
		<Unit filename="Coafor.h" />
		<Unit filename="Cosmetica.cpp" />
		<Unit filename="Cosmetica.h" />
		<Unit filename="Exceptii.cpp" />
		<Unit filename="Exceptii.h" />
		<Unit filename="Manichiura.cpp" />
		<Unit filename="Manichiura.h" />
		<Unit filename="Pedichiura.cpp" />
		<Unit filename="Pedichiura.h" />
		<Unit filename="Persoana.cpp" />
		<Unit filename="Persoana.h" />
		<Unit filename="Programare.cpp" />
		<Unit filename="Programare.h" />
		<Unit filename="Serviciu.cpp" />
		<Unit filename="Serviciu.h" />
		<Unit filename="Unghii.cpp" />
		<Unit filename="Unghii.h" />
		<Unit filename="main.cpp" />
		<Extensions>
			<lib_finder disable_auto="1" />
		</Extensions>
	</Project>
</CodeBlocks_project_file>
